version = 1
revision = 3
requires-python = ">=3.14"

[[package]]
name = "ajsonrpc"
version = "1.2.0"
source = { registry = "https://mirrors.tuna.tsinghua.edu.cn/pypi/web/simple/" }
sdist = { url = "https://mirrors.tuna.tsinghua.edu.cn/pypi/web/packages/da/5c/95a9b83195d37620028421e00d69d598aafaa181d3e55caec485468838e1/ajsonrpc-1.2.0.tar.gz", hash = "sha256:791bac18f0bf0dee109194644f151cf8b7ff529c4b8d6239ac48104a3251a19f", size = 22108, upload-time = "2021-07-21T20:41:47.376Z" }
wheels = [
    { url = "https://mirrors.tuna.tsinghua.edu.cn/pypi/web/packages/cf/6f/6abff7fe6813e6f94129a50c8c70bf70fb33ed2515b1037e703cef6d7a7e/ajsonrpc-1.2.0-py3-none-any.whl", hash = "sha256:0fa2c1cf8e619d18ffee96043822032d6520eda65d3b712f9540a3a63e9cac25", size = 22753, upload-time = "2021-07-21T20:41:46.245Z" },
]

[[package]]
name = "server-py"
version = "0.1.0"
source = { virtual = "." }
dependencies = [
    { name = "ajsonrpc" },
]

[package.metadata]
requires-dist = [{ name = "ajsonrpc", specifier = ">=1.2.0" }]
